// !$*UTF8*$!
{
	archiveVersion = 1;
	classes = {
	};
	objectVersion = 56;
	objects = {

/* Begin PBXBuildFile section */
		035172D72925A0110074AABE /* Follower.swift in Sources */ = {isa = PBXBuildFile; fileRef = 035172D62925A0110074AABE /* Follower.swift */; };
		035172D92925A0DE0074AABE /* User.swift in Sources */ = {isa = PBXBuildFile; fileRef = 035172D82925A0DE0074AABE /* User.swift */; };
		035172DC2925A4980074AABE /* NetworkManager.swift in Sources */ = {isa = PBXBuildFile; fileRef = 035172DB2925A4980074AABE /* NetworkManager.swift */; };
		035172E22925B2720074AABE /* FollowerCollectionViewCell.swift in Sources */ = {isa = PBXBuildFile; fileRef = 035172E12925B2720074AABE /* FollowerCollectionViewCell.swift */; };
		035172E42925B2CA0074AABE /* CRAvatarImageView.swift in Sources */ = {isa = PBXBuildFile; fileRef = 035172E32925B2CA0074AABE /* CRAvatarImageView.swift */; };
		03B84C612924747A001B9936 /* SearchViewController.swift in Sources */ = {isa = PBXBuildFile; fileRef = 03B84C602924747A001B9936 /* SearchViewController.swift */; };
		03B84C632924749D001B9936 /* FavoritesListViewController.swift in Sources */ = {isa = PBXBuildFile; fileRef = 03B84C622924749D001B9936 /* FavoritesListViewController.swift */; };
		03B84C9729249871001B9936 /* FollowerListViewController.swift in Sources */ = {isa = PBXBuildFile; fileRef = 03B84C9629249871001B9936 /* FollowerListViewController.swift */; };
		03CCA29B2924C2BB00174031 /* ElGordoRouraTools in Frameworks */ = {isa = PBXBuildFile; productRef = 03CCA29A2924C2BB00174031 /* ElGordoRouraTools */; };
		03CCA29D2924C62F00174031 /* BaseViewController.swift in Sources */ = {isa = PBXBuildFile; fileRef = 03CCA29C2924C62F00174031 /* BaseViewController.swift */; };
		03CCA29F2924C71300174031 /* RootViewOwner.swift in Sources */ = {isa = PBXBuildFile; fileRef = 03CCA29E2924C71300174031 /* RootViewOwner.swift */; };
		03CCA2A12924C73600174031 /* BaseView.swift in Sources */ = {isa = PBXBuildFile; fileRef = 03CCA2A02924C73600174031 /* BaseView.swift */; };
		03CCA2A32924C77200174031 /* Constructible.swift in Sources */ = {isa = PBXBuildFile; fileRef = 03CCA2A22924C77200174031 /* Constructible.swift */; };
		03CCA2A52924C8DE00174031 /* SearchView.swift in Sources */ = {isa = PBXBuildFile; fileRef = 03CCA2A42924C8DE00174031 /* SearchView.swift */; };
		03D4BE1829246B0B00DBDBCF /* GitHubFollowersApp.swift in Sources */ = {isa = PBXBuildFile; fileRef = 03D4BE1729246B0B00DBDBCF /* GitHubFollowersApp.swift */; };
		03D4BE1A29246B0B00DBDBCF /* CRTabBarController.swift in Sources */ = {isa = PBXBuildFile; fileRef = 03D4BE1929246B0B00DBDBCF /* CRTabBarController.swift */; };
		03D4BE1C29246B0C00DBDBCF /* Assets.xcassets in Resources */ = {isa = PBXBuildFile; fileRef = 03D4BE1B29246B0C00DBDBCF /* Assets.xcassets */; };
/* End PBXBuildFile section */

/* Begin PBXFileReference section */
		035172D62925A0110074AABE /* Follower.swift */ = {isa = PBXFileReference; lastKnownFileType = sourcecode.swift; path = Follower.swift; sourceTree = "<group>"; };
		035172D82925A0DE0074AABE /* User.swift */ = {isa = PBXFileReference; lastKnownFileType = sourcecode.swift; path = User.swift; sourceTree = "<group>"; };
		035172DB2925A4980074AABE /* NetworkManager.swift */ = {isa = PBXFileReference; lastKnownFileType = sourcecode.swift; path = NetworkManager.swift; sourceTree = "<group>"; };
		035172E12925B2720074AABE /* FollowerCollectionViewCell.swift */ = {isa = PBXFileReference; lastKnownFileType = sourcecode.swift; path = FollowerCollectionViewCell.swift; sourceTree = "<group>"; };
		035172E32925B2CA0074AABE /* CRAvatarImageView.swift */ = {isa = PBXFileReference; lastKnownFileType = sourcecode.swift; path = CRAvatarImageView.swift; sourceTree = "<group>"; };
		03B84C602924747A001B9936 /* SearchViewController.swift */ = {isa = PBXFileReference; lastKnownFileType = sourcecode.swift; path = SearchViewController.swift; sourceTree = "<group>"; };
		03B84C622924749D001B9936 /* FavoritesListViewController.swift */ = {isa = PBXFileReference; lastKnownFileType = sourcecode.swift; path = FavoritesListViewController.swift; sourceTree = "<group>"; };
		03B84C9629249871001B9936 /* FollowerListViewController.swift */ = {isa = PBXFileReference; lastKnownFileType = sourcecode.swift; path = FollowerListViewController.swift; sourceTree = "<group>"; };
		03CCA29C2924C62F00174031 /* BaseViewController.swift */ = {isa = PBXFileReference; lastKnownFileType = sourcecode.swift; path = BaseViewController.swift; sourceTree = "<group>"; };
		03CCA29E2924C71300174031 /* RootViewOwner.swift */ = {isa = PBXFileReference; lastKnownFileType = sourcecode.swift; path = RootViewOwner.swift; sourceTree = "<group>"; };
		03CCA2A02924C73600174031 /* BaseView.swift */ = {isa = PBXFileReference; lastKnownFileType = sourcecode.swift; path = BaseView.swift; sourceTree = "<group>"; };
		03CCA2A22924C77200174031 /* Constructible.swift */ = {isa = PBXFileReference; lastKnownFileType = sourcecode.swift; path = Constructible.swift; sourceTree = "<group>"; };
		03CCA2A42924C8DE00174031 /* SearchView.swift */ = {isa = PBXFileReference; lastKnownFileType = sourcecode.swift; path = SearchView.swift; sourceTree = "<group>"; };
		03D4BE1429246B0B00DBDBCF /* GitHubFollowers.app */ = {isa = PBXFileReference; explicitFileType = wrapper.application; includeInIndex = 0; path = GitHubFollowers.app; sourceTree = BUILT_PRODUCTS_DIR; };
		03D4BE1729246B0B00DBDBCF /* GitHubFollowersApp.swift */ = {isa = PBXFileReference; lastKnownFileType = sourcecode.swift; path = GitHubFollowersApp.swift; sourceTree = "<group>"; };
		03D4BE1929246B0B00DBDBCF /* CRTabBarController.swift */ = {isa = PBXFileReference; lastKnownFileType = sourcecode.swift; path = CRTabBarController.swift; sourceTree = "<group>"; };
		03D4BE1B29246B0C00DBDBCF /* Assets.xcassets */ = {isa = PBXFileReference; lastKnownFileType = folder.assetcatalog; path = Assets.xcassets; sourceTree = "<group>"; };
/* End PBXFileReference section */

/* Begin PBXFrameworksBuildPhase section */
		03D4BE1129246B0B00DBDBCF /* Frameworks */ = {
			isa = PBXFrameworksBuildPhase;
			buildActionMask = 2147483647;
			files = (
				03CCA29B2924C2BB00174031 /* ElGordoRouraTools in Frameworks */,
			);
			runOnlyForDeploymentPostprocessing = 0;
		};
/* End PBXFrameworksBuildPhase section */

/* Begin PBXGroup section */
		035172D429259E6F0074AABE /* Preview Content */ = {
			isa = PBXGroup;
			children = (
			);
			path = "Preview Content";
			sourceTree = "<group>";
		};
		035172D52925A0090074AABE /* Model */ = {
			isa = PBXGroup;
			children = (
				035172D62925A0110074AABE /* Follower.swift */,
				035172D82925A0DE0074AABE /* User.swift */,
			);
			path = Model;
			sourceTree = "<group>";
		};
		035172DA2925A48E0074AABE /* Managers */ = {
			isa = PBXGroup;
			children = (
				035172DB2925A4980074AABE /* NetworkManager.swift */,
			);
			path = Managers;
			sourceTree = "<group>";
		};
		035172DD2925AAF40074AABE /* Utilities */ = {
			isa = PBXGroup;
			children = (
			);
			path = Utilities;
			sourceTree = "<group>";
		};
		035172E02925B2590074AABE /* Custom Views */ = {
			isa = PBXGroup;
			children = (
				035172E12925B2720074AABE /* FollowerCollectionViewCell.swift */,
				035172E32925B2CA0074AABE /* CRAvatarImageView.swift */,
			);
			path = "Custom Views";
			sourceTree = "<group>";
		};
		03CCA2962924C12300174031 /* Screens */ = {
			isa = PBXGroup;
			children = (
				03B84C602924747A001B9936 /* SearchViewController.swift */,
				03CCA2A42924C8DE00174031 /* SearchView.swift */,
				03B84C622924749D001B9936 /* FavoritesListViewController.swift */,
				03B84C9629249871001B9936 /* FollowerListViewController.swift */,
			);
			path = Screens;
			sourceTree = "<group>";
		};
		03CCA2972924C13200174031 /* TabBarController */ = {
			isa = PBXGroup;
			children = (
				03D4BE1929246B0B00DBDBCF /* CRTabBarController.swift */,
				03CCA29C2924C62F00174031 /* BaseViewController.swift */,
				03CCA29E2924C71300174031 /* RootViewOwner.swift */,
				03CCA2A02924C73600174031 /* BaseView.swift */,
				03CCA2A22924C77200174031 /* Constructible.swift */,
			);
			path = TabBarController;
			sourceTree = "<group>";
		};
		03CCA2982924C1F300174031 /* Support */ = {
			isa = PBXGroup;
			children = (
				03D4BE1729246B0B00DBDBCF /* GitHubFollowersApp.swift */,
				03D4BE1B29246B0C00DBDBCF /* Assets.xcassets */,
				035172D429259E6F0074AABE /* Preview Content */,
			);
			path = Support;
			sourceTree = "<group>";
		};
		03D4BE0B29246B0B00DBDBCF = {
			isa = PBXGroup;
			children = (
				03D4BE1629246B0B00DBDBCF /* GitHubFollowers */,
				03D4BE1529246B0B00DBDBCF /* Products */,
			);
			sourceTree = "<group>";
		};
		03D4BE1529246B0B00DBDBCF /* Products */ = {
			isa = PBXGroup;
			children = (
				03D4BE1429246B0B00DBDBCF /* GitHubFollowers.app */,
			);
			name = Products;
			sourceTree = "<group>";
		};
		03D4BE1629246B0B00DBDBCF /* GitHubFollowers */ = {
			isa = PBXGroup;
			children = (
				035172E02925B2590074AABE /* Custom Views */,
				035172DD2925AAF40074AABE /* Utilities */,
				035172DA2925A48E0074AABE /* Managers */,
				035172D52925A0090074AABE /* Model */,
				03CCA2982924C1F300174031 /* Support */,
				03CCA2972924C13200174031 /* TabBarController */,
				03CCA2962924C12300174031 /* Screens */,
			);
			path = GitHubFollowers;
			sourceTree = "<group>";
		};
/* End PBXGroup section */

/* Begin PBXNativeTarget section */
		03D4BE1329246B0B00DBDBCF /* GitHubFollowers */ = {
			isa = PBXNativeTarget;
			buildConfigurationList = 03D4BE2229246B0C00DBDBCF /* Build configuration list for PBXNativeTarget "GitHubFollowers" */;
			buildPhases = (
				03D4BE1029246B0B00DBDBCF /* Sources */,
				03D4BE1129246B0B00DBDBCF /* Frameworks */,
				03D4BE1229246B0B00DBDBCF /* Resources */,
			);
			buildRules = (
			);
			dependencies = (
			);
			name = GitHubFollowers;
			packageProductDependencies = (
				03CCA29A2924C2BB00174031 /* ElGordoRouraTools */,
			);
			productName = GitHubFollowers;
			productReference = 03D4BE1429246B0B00DBDBCF /* GitHubFollowers.app */;
			productType = "com.apple.product-type.application";
		};
/* End PBXNativeTarget section */

/* Begin PBXProject section */
		03D4BE0C29246B0B00DBDBCF /* Project object */ = {
			isa = PBXProject;
			attributes = {
				BuildIndependentTargetsInParallel = 1;
				LastSwiftUpdateCheck = 1410;
				LastUpgradeCheck = 1410;
				TargetAttributes = {
					03D4BE1329246B0B00DBDBCF = {
						CreatedOnToolsVersion = 14.1;
					};
				};
			};
			buildConfigurationList = 03D4BE0F29246B0B00DBDBCF /* Build configuration list for PBXProject "GitHubFollowers" */;
			compatibilityVersion = "Xcode 14.0";
			developmentRegion = en;
			hasScannedForEncodings = 0;
			knownRegions = (
				en,
				Base,
			);
			mainGroup = 03D4BE0B29246B0B00DBDBCF;
			packageReferences = (
				03CCA2992924C2BB00174031 /* XCRemoteSwiftPackageReference "elGordoRouraTools" */,
			);
			productRefGroup = 03D4BE1529246B0B00DBDBCF /* Products */;
			projectDirPath = "";
			projectRoot = "";
			targets = (
				03D4BE1329246B0B00DBDBCF /* GitHubFollowers */,
			);
		};
/* End PBXProject section */

/* Begin PBXResourcesBuildPhase section */
		03D4BE1229246B0B00DBDBCF /* Resources */ = {
			isa = PBXResourcesBuildPhase;
			buildActionMask = 2147483647;
			files = (
				03D4BE1C29246B0C00DBDBCF /* Assets.xcassets in Resources */,
			);
			runOnlyForDeploymentPostprocessing = 0;
		};
/* End PBXResourcesBuildPhase section */

/* Begin PBXSourcesBuildPhase section */
		03D4BE1029246B0B00DBDBCF /* Sources */ = {
			isa = PBXSourcesBuildPhase;
			buildActionMask = 2147483647;
			files = (
				03CCA2A52924C8DE00174031 /* SearchView.swift in Sources */,
				03B84C612924747A001B9936 /* SearchViewController.swift in Sources */,
				03D4BE1A29246B0B00DBDBCF /* CRTabBarController.swift in Sources */,
				035172DC2925A4980074AABE /* NetworkManager.swift in Sources */,
				03CCA29F2924C71300174031 /* RootViewOwner.swift in Sources */,
				03B84C632924749D001B9936 /* FavoritesListViewController.swift in Sources */,
				03CCA2A32924C77200174031 /* Constructible.swift in Sources */,
				03D4BE1829246B0B00DBDBCF /* GitHubFollowersApp.swift in Sources */,
				03B84C9729249871001B9936 /* FollowerListViewController.swift in Sources */,
				035172D92925A0DE0074AABE /* User.swift in Sources */,
				035172D72925A0110074AABE /* Follower.swift in Sources */,
				03CCA29D2924C62F00174031 /* BaseViewController.swift in Sources */,
				035172E42925B2CA0074AABE /* CRAvatarImageView.swift in Sources */,
				035172E22925B2720074AABE /* FollowerCollectionViewCell.swift in Sources */,
				03CCA2A12924C73600174031 /* BaseView.swift in Sources */,
			);
			runOnlyForDeploymentPostprocessing = 0;
		};
/* End PBXSourcesBuildPhase section */

/* Begin XCBuildConfiguration section */
		03D4BE2029246B0C00DBDBCF /* Debug */ = {
			isa = XCBuildConfiguration;
			buildSettings = {
				ALWAYS_SEARCH_USER_PATHS = NO;
				CLANG_ANALYZER_NONNULL = YES;
				CLANG_ANALYZER_NUMBER_OBJECT_CONVERSION = YES_AGGRESSIVE;
				CLANG_CXX_LANGUAGE_STANDARD = "gnu++20";
				CLANG_ENABLE_MODULES = YES;
				CLANG_ENABLE_OBJC_ARC = YES;
				CLANG_ENABLE_OBJC_WEAK = YES;
				CLANG_WARN_BLOCK_CAPTURE_AUTORELEASING = YES;
				CLANG_WARN_BOOL_CONVERSION = YES;
				CLANG_WARN_COMMA = YES;
				CLANG_WARN_CONSTANT_CONVERSION = YES;
				CLANG_WARN_DEPRECATED_OBJC_IMPLEMENTATIONS = YES;
				CLANG_WARN_DIRECT_OBJC_ISA_USAGE = YES_ERROR;
				CLANG_WARN_DOCUMENTATION_COMMENTS = YES;
				CLANG_WARN_EMPTY_BODY = YES;
				CLANG_WARN_ENUM_CONVERSION = YES;
				CLANG_WARN_INFINITE_RECURSION = YES;
				CLANG_WARN_INT_CONVERSION = YES;
				CLANG_WARN_NON_LITERAL_NULL_CONVERSION = YES;
				CLANG_WARN_OBJC_IMPLICIT_RETAIN_SELF = YES;
				CLANG_WARN_OBJC_LITERAL_CONVERSION = YES;
				CLANG_WARN_OBJC_ROOT_CLASS = YES_ERROR;
				CLANG_WARN_QUOTED_INCLUDE_IN_FRAMEWORK_HEADER = YES;
				CLANG_WARN_RANGE_LOOP_ANALYSIS = YES;
				CLANG_WARN_STRICT_PROTOTYPES = YES;
				CLANG_WARN_SUSPICIOUS_MOVE = YES;
				CLANG_WARN_UNGUARDED_AVAILABILITY = YES_AGGRESSIVE;
				CLANG_WARN_UNREACHABLE_CODE = YES;
				CLANG_WARN__DUPLICATE_METHOD_MATCH = YES;
				COPY_PHASE_STRIP = NO;
				DEBUG_INFORMATION_FORMAT = dwarf;
				ENABLE_STRICT_OBJC_MSGSEND = YES;
				ENABLE_TESTABILITY = YES;
				GCC_C_LANGUAGE_STANDARD = gnu11;
				GCC_DYNAMIC_NO_PIC = NO;
				GCC_NO_COMMON_BLOCKS = YES;
				GCC_OPTIMIZATION_LEVEL = 0;
				GCC_PREPROCESSOR_DEFINITIONS = (
					"DEBUG=1",
					"$(inherited)",
				);
				GCC_WARN_64_TO_32_BIT_CONVERSION = YES;
				GCC_WARN_ABOUT_RETURN_TYPE = YES_ERROR;
				GCC_WARN_UNDECLARED_SELECTOR = YES;
				GCC_WARN_UNINITIALIZED_AUTOS = YES_AGGRESSIVE;
				GCC_WARN_UNUSED_FUNCTION = YES;
				GCC_WARN_UNUSED_VARIABLE = YES;
				IPHONEOS_DEPLOYMENT_TARGET = 16.1;
				MTL_ENABLE_DEBUG_INFO = INCLUDE_SOURCE;
				MTL_FAST_MATH = YES;
				ONLY_ACTIVE_ARCH = YES;
				SDKROOT = iphoneos;
				SWIFT_ACTIVE_COMPILATION_CONDITIONS = DEBUG;
				SWIFT_OPTIMIZATION_LEVEL = "-Onone";
			};
			name = Debug;
		};
		03D4BE2129246B0C00DBDBCF /* Release */ = {
			isa = XCBuildConfiguration;
			buildSettings = {
				ALWAYS_SEARCH_USER_PATHS = NO;
				CLANG_ANALYZER_NONNULL = YES;
				CLANG_ANALYZER_NUMBER_OBJECT_CONVERSION = YES_AGGRESSIVE;
				CLANG_CXX_LANGUAGE_STANDARD = "gnu++20";
				CLANG_ENABLE_MODULES = YES;
				CLANG_ENABLE_OBJC_ARC = YES;
				CLANG_ENABLE_OBJC_WEAK = YES;
				CLANG_WARN_BLOCK_CAPTURE_AUTORELEASING = YES;
				CLANG_WARN_BOOL_CONVERSION = YES;
				CLANG_WARN_COMMA = YES;
				CLANG_WARN_CONSTANT_CONVERSION = YES;
				CLANG_WARN_DEPRECATED_OBJC_IMPLEMENTATIONS = YES;
				CLANG_WARN_DIRECT_OBJC_ISA_USAGE = YES_ERROR;
				CLANG_WARN_DOCUMENTATION_COMMENTS = YES;
				CLANG_WARN_EMPTY_BODY = YES;
				CLANG_WARN_ENUM_CONVERSION = YES;
				CLANG_WARN_INFINITE_RECURSION = YES;
				CLANG_WARN_INT_CONVERSION = YES;
				CLANG_WARN_NON_LITERAL_NULL_CONVERSION = YES;
				CLANG_WARN_OBJC_IMPLICIT_RETAIN_SELF = YES;
				CLANG_WARN_OBJC_LITERAL_CONVERSION = YES;
				CLANG_WARN_OBJC_ROOT_CLASS = YES_ERROR;
				CLANG_WARN_QUOTED_INCLUDE_IN_FRAMEWORK_HEADER = YES;
				CLANG_WARN_RANGE_LOOP_ANALYSIS = YES;
				CLANG_WARN_STRICT_PROTOTYPES = YES;
				CLANG_WARN_SUSPICIOUS_MOVE = YES;
				CLANG_WARN_UNGUARDED_AVAILABILITY = YES_AGGRESSIVE;
				CLANG_WARN_UNREACHABLE_CODE = YES;
				CLANG_WARN__DUPLICATE_METHOD_MATCH = YES;
				COPY_PHASE_STRIP = NO;
				DEBUG_INFORMATION_FORMAT = "dwarf-with-dsym";
				ENABLE_NS_ASSERTIONS = NO;
				ENABLE_STRICT_OBJC_MSGSEND = YES;
				GCC_C_LANGUAGE_STANDARD = gnu11;
				GCC_NO_COMMON_BLOCKS = YES;
				GCC_WARN_64_TO_32_BIT_CONVERSION = YES;
				GCC_WARN_ABOUT_RETURN_TYPE = YES_ERROR;
				GCC_WARN_UNDECLARED_SELECTOR = YES;
				GCC_WARN_UNINITIALIZED_AUTOS = YES_AGGRESSIVE;
				GCC_WARN_UNUSED_FUNCTION = YES;
				GCC_WARN_UNUSED_VARIABLE = YES;
				IPHONEOS_DEPLOYMENT_TARGET = 16.1;
				MTL_ENABLE_DEBUG_INFO = NO;
				MTL_FAST_MATH = YES;
				SDKROOT = iphoneos;
				SWIFT_COMPILATION_MODE = wholemodule;
				SWIFT_OPTIMIZATION_LEVEL = "-O";
				VALIDATE_PRODUCT = YES;
			};
			name = Release;
		};
		03D4BE2329246B0C00DBDBCF /* Debug */ = {
			isa = XCBuildConfiguration;
			buildSettings = {
				ASSETCATALOG_COMPILER_APPICON_NAME = AppIcon;
				ASSETCATALOG_COMPILER_GLOBAL_ACCENT_COLOR_NAME = AccentColor;
				CODE_SIGN_STYLE = Automatic;
				CURRENT_PROJECT_VERSION = 1;
				DEVELOPMENT_ASSET_PATHS = "\"GitHubFollowers/Support/Preview Content\"";
				DEVELOPMENT_TEAM = QNA2GYCBD6;
				ENABLE_PREVIEWS = YES;
				GENERATE_INFOPLIST_FILE = YES;
				INFOPLIST_KEY_UIApplicationSceneManifest_Generation = YES;
				INFOPLIST_KEY_UIApplicationSupportsIndirectInputEvents = YES;
				INFOPLIST_KEY_UILaunchScreen_Generation = YES;
				INFOPLIST_KEY_UISupportedInterfaceOrientations_iPad = "UIInterfaceOrientationPortrait UIInterfaceOrientationPortraitUpsideDown UIInterfaceOrientationLandscapeLeft UIInterfaceOrientationLandscapeRight";
				INFOPLIST_KEY_UISupportedInterfaceOrientations_iPhone = "UIInterfaceOrientationPortrait UIInterfaceOrientationLandscapeLeft UIInterfaceOrientationLandscapeRight";
				LD_RUNPATH_SEARCH_PATHS = (
					"$(inherited)",
					"@executable_path/Frameworks",
				);
				MARKETING_VERSION = 1.0;
				PRODUCT_BUNDLE_IDENTIFIER = co.elGordoRoura.GitHubFollowers;
				PRODUCT_NAME = "$(TARGET_NAME)";
				SWIFT_EMIT_LOC_STRINGS = YES;
				SWIFT_VERSION = 5.0;
				TARGETED_DEVICE_FAMILY = "1,2";
			};
			name = Debug;
		};
		03D4BE2429246B0C00DBDBCF /* Release */ = {
			isa = XCBuildConfiguration;
			buildSettings = {
				ASSETCATALOG_COMPILER_APPICON_NAME = AppIcon;
				ASSETCATALOG_COMPILER_GLOBAL_ACCENT_COLOR_NAME = AccentColor;
				CODE_SIGN_STYLE = Automatic;
				CURRENT_PROJECT_VERSION = 1;
				DEVELOPMENT_ASSET_PATHS = "\"GitHubFollowers/Support/Preview Content\"";
				DEVELOPMENT_TEAM = QNA2GYCBD6;
				ENABLE_PREVIEWS = YES;
				GENERATE_INFOPLIST_FILE = YES;
				INFOPLIST_KEY_UIApplicationSceneManifest_Generation = YES;
				INFOPLIST_KEY_UIApplicationSupportsIndirectInputEvents = YES;
				INFOPLIST_KEY_UILaunchScreen_Generation = YES;
				INFOPLIST_KEY_UISupportedInterfaceOrientations_iPad = "UIInterfaceOrientationPortrait UIInterfaceOrientationPortraitUpsideDown UIInterfaceOrientationLandscapeLeft UIInterfaceOrientationLandscapeRight";
				INFOPLIST_KEY_UISupportedInterfaceOrientations_iPhone = "UIInterfaceOrientationPortrait UIInterfaceOrientationLandscapeLeft UIInterfaceOrientationLandscapeRight";
				LD_RUNPATH_SEARCH_PATHS = (
					"$(inherited)",
					"@executable_path/Frameworks",
				);
				MARKETING_VERSION = 1.0;
				PRODUCT_BUNDLE_IDENTIFIER = co.elGordoRoura.GitHubFollowers;
				PRODUCT_NAME = "$(TARGET_NAME)";
				SWIFT_EMIT_LOC_STRINGS = YES;
				SWIFT_VERSION = 5.0;
				TARGETED_DEVICE_FAMILY = "1,2";
			};
			name = Release;
		};
/* End XCBuildConfiguration section */

/* Begin XCConfigurationList section */
		03D4BE0F29246B0B00DBDBCF /* Build configuration list for PBXProject "GitHubFollowers" */ = {
			isa = XCConfigurationList;
			buildConfigurations = (
				03D4BE2029246B0C00DBDBCF /* Debug */,
				03D4BE2129246B0C00DBDBCF /* Release */,
			);
			defaultConfigurationIsVisible = 0;
			defaultConfigurationName = Release;
		};
		03D4BE2229246B0C00DBDBCF /* Build configuration list for PBXNativeTarget "GitHubFollowers" */ = {
			isa = XCConfigurationList;
			buildConfigurations = (
				03D4BE2329246B0C00DBDBCF /* Debug */,
				03D4BE2429246B0C00DBDBCF /* Release */,
			);
			defaultConfigurationIsVisible = 0;
			defaultConfigurationName = Release;
		};
/* End XCConfigurationList section */

/* Begin XCRemoteSwiftPackageReference section */
		03CCA2992924C2BB00174031 /* XCRemoteSwiftPackageReference "elGordoRouraTools" */ = {
			isa = XCRemoteSwiftPackageReference;
			repositoryURL = "git@github.com:elGordo-Roura/elGordoRouraTools.git";
			requirement = {
				kind = upToNextMajorVersion;
				minimumVersion = 0.0.1;
			};
		};
/* End XCRemoteSwiftPackageReference section */

/* Begin XCSwiftPackageProductDependency section */
		03CCA29A2924C2BB00174031 /* ElGordoRouraTools */ = {
			isa = XCSwiftPackageProductDependency;
			package = 03CCA2992924C2BB00174031 /* XCRemoteSwiftPackageReference "elGordoRouraTools" */;
			productName = ElGordoRouraTools;
		};
/* End XCSwiftPackageProductDependency section */
	};
	rootObject = 03D4BE0C29246B0B00DBDBCF /* Project object */;
}
