{
  "pins" : [
    {
      "identity" : "elgordorouratools",
      "kind" : "remoteSourceControl",
      "location" : "git@github.com:elGordo-Roura/elGordoRouraTools.git",
      "state" : {
        "revision" : "0e5f74a2be73db15805d0ae9d9a1cb72b098bf34",
        "version" : "0.1.3"
      }
    }
  ],
  "version" : 2
}
